# This file was autogenerated by Stack.
# You should not edit this file by hand.
# For more information, please see the documentation at:
#   https://docs.haskellstack.org/en/stable/lock_files

packages:
- completed:
    hackage: monoid-transformer-0.0.4@sha256:2ee5da526d4b04bfbc3037f8b77a6ae39de76f626ea7f15e7af2a5f0218eaccf,1229
    pantry-tree:
      sha256: dd09dfe15b2903b78c75b146d270d03087cea4c23758b31e729e27e81e87c678
      size: 567
  original:
    hackage: monoid-transformer-0.0.4@sha256:2ee5da526d4b04bfbc3037f8b77a6ae39de76f626ea7f15e7af2a5f0218eaccf,1229
- completed:
    hackage: semigroups-0.20@sha256:925341e6f7eb104cb490bef06eab93bb7995c7c67c51ee938185a2ddefa7aaf2,6333
    pantry-tree:
      sha256: d4d3f0b32a68cf8808fcb8d2de117ab9ec09dbfec93a297aa3d386ca79a0fe05
      size: 481
  original:
    hackage: semigroups-0.20@sha256:925341e6f7eb104cb490bef06eab93bb7995c7c67c51ee938185a2ddefa7aaf2,6333
snapshots: []
